// !$*UTF8*$!
{
	archiveVersion = 1;
	classes = {
	};
	objectVersion = 45;
	objects = {

/* Begin PBXBuildFile section */
		1D60589B0D05DD56006BFB54 /* main.m in Sources */ = {isa = PBXBuildFile; fileRef = 29B97316FDCFA39411CA2CEA /* main.m */; };
		1D60589F0D05DD5A006BFB54 /* Foundation.framework in Frameworks */ = {isa = PBXBuildFile; fileRef = 1D30AB110D05D00D00671497 /* Foundation.framework */; };
		1DF5F4E00D08C38300B7A737 /* UIKit.framework in Frameworks */ = {isa = PBXBuildFile; fileRef = 1DF5F4DF0D08C38300B7A737 /* UIKit.framework */; };
		288765FD0DF74451002DB57D /* CoreGraphics.framework in Frameworks */ = {isa = PBXBuildFile; fileRef = 288765FC0DF74451002DB57D /* CoreGraphics.framework */; };
		D5506E04127019AF00F637AC /* Capture_tab.m in Sources */ = {isa = PBXBuildFile; fileRef = D5506E03127019AF00F637AC /* Capture_tab.m */; };
		D5506E35127020DF00F637AC /* Log_tab.m in Sources */ = {isa = PBXBuildFile; fileRef = D5506E34127020DF00F637AC /* Log_tab.m */; };
		D5506E38127020EA00F637AC /* Share_tab.m in Sources */ = {isa = PBXBuildFile; fileRef = D5506E37127020EA00F637AC /* Share_tab.m */; };
		D56AD431126ED2FF003E9903 /* Tab_controller.m in Sources */ = {isa = PBXBuildFile; fileRef = D56AD430126ED2FF003E9903 /* Tab_controller.m */; };
		D59D0351126E372400F4D543 /* App_delegate.m in Sources */ = {isa = PBXBuildFile; fileRef = D59D0350126E372400F4D543 /* App_delegate.m */; };
		D5BEDA3E126F8C100056DB78 /* DB.m in Sources */ = {isa = PBXBuildFile; fileRef = D5BEDA3C126F8C100056DB78 /* DB.m */; };
		D5BEDA96126F8C6A0056DB78 /* EGODatabase.m in Sources */ = {isa = PBXBuildFile; fileRef = D5BEDA78126F8C6A0056DB78 /* EGODatabase.m */; };
		D5BEDA97126F8C6A0056DB78 /* EGODatabaseRequest.m in Sources */ = {isa = PBXBuildFile; fileRef = D5BEDA7A126F8C6A0056DB78 /* EGODatabaseRequest.m */; };
		D5BEDA98126F8C6A0056DB78 /* EGODatabaseResult.m in Sources */ = {isa = PBXBuildFile; fileRef = D5BEDA7C126F8C6A0056DB78 /* EGODatabaseResult.m */; };
		D5BEDA99126F8C6A0056DB78 /* EGODatabaseRow.m in Sources */ = {isa = PBXBuildFile; fileRef = D5BEDA7E126F8C6A0056DB78 /* EGODatabaseRow.m */; };
		D5BEDAA2126F8D130056DB78 /* libsqlite3.dylib in Frameworks */ = {isa = PBXBuildFile; fileRef = D5BEDAA1126F8D130056DB78 /* libsqlite3.dylib */; };
		D5BEDACB126F942C0056DB78 /* VTPG_Common.m in Sources */ = {isa = PBXBuildFile; fileRef = D5BEDACA126F942C0056DB78 /* VTPG_Common.m */; };
		D5C47782127177D500CB008F /* GPS.m in Sources */ = {isa = PBXBuildFile; fileRef = D5C47781127177D500CB008F /* GPS.m */; };
		D5C477B212717BEA00CB008F /* CoreLocation.framework in Frameworks */ = {isa = PBXBuildFile; fileRef = D5C477B112717BEA00CB008F /* CoreLocation.framework */; };
		D5DF0B7E127636C300A9BC0D /* MessageUI.framework in Frameworks */ = {isa = PBXBuildFile; fileRef = D5DF0B7D127636C300A9BC0D /* MessageUI.framework */; };
/* End PBXBuildFile section */

/* Begin PBXFileReference section */
		1D30AB110D05D00D00671497 /* Foundation.framework */ = {isa = PBXFileReference; lastKnownFileType = wrapper.framework; name = Foundation.framework; path = System/Library/Frameworks/Foundation.framework; sourceTree = SDKROOT; };
		1D6058910D05DD3D006BFB54 /* Record_my_position.app */ = {isa = PBXFileReference; explicitFileType = wrapper.application; includeInIndex = 0; path = Record_my_position.app; sourceTree = BUILT_PRODUCTS_DIR; };
		1DF5F4DF0D08C38300B7A737 /* UIKit.framework */ = {isa = PBXFileReference; lastKnownFileType = wrapper.framework; name = UIKit.framework; path = System/Library/Frameworks/UIKit.framework; sourceTree = SDKROOT; };
		288765FC0DF74451002DB57D /* CoreGraphics.framework */ = {isa = PBXFileReference; lastKnownFileType = wrapper.framework; name = CoreGraphics.framework; path = System/Library/Frameworks/CoreGraphics.framework; sourceTree = SDKROOT; };
		29B97316FDCFA39411CA2CEA /* main.m */ = {isa = PBXFileReference; fileEncoding = 4; lastKnownFileType = sourcecode.c.objc; path = main.m; sourceTree = "<group>"; };
		32CA4F630368D1EE00C91783 /* Record_my_position_Prefix.pch */ = {isa = PBXFileReference; fileEncoding = 4; lastKnownFileType = sourcecode.c.h; path = Record_my_position_Prefix.pch; sourceTree = "<group>"; };
		8D1107310486CEB800E47090 /* Record_my_position-Info.plist */ = {isa = PBXFileReference; fileEncoding = 4; lastKnownFileType = text.plist.xml; path = "Record_my_position-Info.plist"; plistStructureDefinitionIdentifier = "com.apple.xcode.plist.structure-definition.iphone.info-plist"; sourceTree = "<group>"; };
		D5506E02127019AF00F637AC /* Capture_tab.h */ = {isa = PBXFileReference; fileEncoding = 4; lastKnownFileType = sourcecode.c.h; path = Capture_tab.h; sourceTree = "<group>"; };
		D5506E03127019AF00F637AC /* Capture_tab.m */ = {isa = PBXFileReference; fileEncoding = 4; lastKnownFileType = sourcecode.c.objc; path = Capture_tab.m; sourceTree = "<group>"; };
		D5506E33127020DF00F637AC /* Log_tab.h */ = {isa = PBXFileReference; fileEncoding = 4; lastKnownFileType = sourcecode.c.h; path = Log_tab.h; sourceTree = "<group>"; };
		D5506E34127020DF00F637AC /* Log_tab.m */ = {isa = PBXFileReference; fileEncoding = 4; lastKnownFileType = sourcecode.c.objc; path = Log_tab.m; sourceTree = "<group>"; };
		D5506E36127020EA00F637AC /* Share_tab.h */ = {isa = PBXFileReference; fileEncoding = 4; lastKnownFileType = sourcecode.c.h; path = Share_tab.h; sourceTree = "<group>"; };
		D5506E37127020EA00F637AC /* Share_tab.m */ = {isa = PBXFileReference; fileEncoding = 4; lastKnownFileType = sourcecode.c.objc; path = Share_tab.m; sourceTree = "<group>"; };
		D56AD42F126ED2FF003E9903 /* Tab_controller.h */ = {isa = PBXFileReference; fileEncoding = 4; lastKnownFileType = sourcecode.c.h; path = Tab_controller.h; sourceTree = "<group>"; };
		D56AD430126ED2FF003E9903 /* Tab_controller.m */ = {isa = PBXFileReference; fileEncoding = 4; lastKnownFileType = sourcecode.c.objc; path = Tab_controller.m; sourceTree = "<group>"; };
		D59D034F126E372400F4D543 /* App_delegate.h */ = {isa = PBXFileReference; fileEncoding = 4; lastKnownFileType = sourcecode.c.h; path = App_delegate.h; sourceTree = "<group>"; };
		D59D0350126E372400F4D543 /* App_delegate.m */ = {isa = PBXFileReference; fileEncoding = 4; lastKnownFileType = sourcecode.c.objc; path = App_delegate.m; sourceTree = "<group>"; };
		D5BEDA3B126F8C100056DB78 /* DB.h */ = {isa = PBXFileReference; fileEncoding = 4; lastKnownFileType = sourcecode.c.h; path = DB.h; sourceTree = "<group>"; };
		D5BEDA3C126F8C100056DB78 /* DB.m */ = {isa = PBXFileReference; fileEncoding = 4; lastKnownFileType = sourcecode.c.objc; path = DB.m; sourceTree = "<group>"; };
		D5BEDA3D126F8C100056DB78 /* macro.h */ = {isa = PBXFileReference; fileEncoding = 4; lastKnownFileType = sourcecode.c.h; path = macro.h; sourceTree = "<group>"; };
		D5BEDA77126F8C6A0056DB78 /* EGODatabase.h */ = {isa = PBXFileReference; fileEncoding = 4; lastKnownFileType = sourcecode.c.h; path = EGODatabase.h; sourceTree = "<group>"; };
		D5BEDA78126F8C6A0056DB78 /* EGODatabase.m */ = {isa = PBXFileReference; fileEncoding = 4; lastKnownFileType = sourcecode.c.objc; path = EGODatabase.m; sourceTree = "<group>"; };
		D5BEDA79126F8C6A0056DB78 /* EGODatabaseRequest.h */ = {isa = PBXFileReference; fileEncoding = 4; lastKnownFileType = sourcecode.c.h; path = EGODatabaseRequest.h; sourceTree = "<group>"; };
		D5BEDA7A126F8C6A0056DB78 /* EGODatabaseRequest.m */ = {isa = PBXFileReference; fileEncoding = 4; lastKnownFileType = sourcecode.c.objc; path = EGODatabaseRequest.m; sourceTree = "<group>"; };
		D5BEDA7B126F8C6A0056DB78 /* EGODatabaseResult.h */ = {isa = PBXFileReference; fileEncoding = 4; lastKnownFileType = sourcecode.c.h; path = EGODatabaseResult.h; sourceTree = "<group>"; };
		D5BEDA7C126F8C6A0056DB78 /* EGODatabaseResult.m */ = {isa = PBXFileReference; fileEncoding = 4; lastKnownFileType = sourcecode.c.objc; path = EGODatabaseResult.m; sourceTree = "<group>"; };
		D5BEDA7D126F8C6A0056DB78 /* EGODatabaseRow.h */ = {isa = PBXFileReference; fileEncoding = 4; lastKnownFileType = sourcecode.c.h; path = EGODatabaseRow.h; sourceTree = "<group>"; };
		D5BEDA7E126F8C6A0056DB78 /* EGODatabaseRow.m */ = {isa = PBXFileReference; fileEncoding = 4; lastKnownFileType = sourcecode.c.objc; path = EGODatabaseRow.m; sourceTree = "<group>"; };
		D5BEDAA1126F8D130056DB78 /* libsqlite3.dylib */ = {isa = PBXFileReference; lastKnownFileType = "compiled.mach-o.dylib"; name = libsqlite3.dylib; path = usr/lib/libsqlite3.dylib; sourceTree = SDKROOT; };
		D5BEDAC9126F942C0056DB78 /* VTPG_Common.h */ = {isa = PBXFileReference; fileEncoding = 4; lastKnownFileType = sourcecode.c.h; path = VTPG_Common.h; sourceTree = "<group>"; };
		D5BEDACA126F942C0056DB78 /* VTPG_Common.m */ = {isa = PBXFileReference; fileEncoding = 4; lastKnownFileType = sourcecode.c.objc; path = VTPG_Common.m; sourceTree = "<group>"; };
		D5C47780127177D500CB008F /* GPS.h */ = {isa = PBXFileReference; fileEncoding = 4; lastKnownFileType = sourcecode.c.h; path = GPS.h; sourceTree = "<group>"; };
		D5C47781127177D500CB008F /* GPS.m */ = {isa = PBXFileReference; fileEncoding = 4; lastKnownFileType = sourcecode.c.objc; path = GPS.m; sourceTree = "<group>"; };
		D5C477B112717BEA00CB008F /* CoreLocation.framework */ = {isa = PBXFileReference; lastKnownFileType = wrapper.framework; name = CoreLocation.framework; path = System/Library/Frameworks/CoreLocation.framework; sourceTree = SDKROOT; };
		D5DF0B7D127636C300A9BC0D /* MessageUI.framework */ = {isa = PBXFileReference; lastKnownFileType = wrapper.framework; name = MessageUI.framework; path = System/Library/Frameworks/MessageUI.framework; sourceTree = SDKROOT; };
/* End PBXFileReference section */

/* Begin PBXFrameworksBuildPhase section */
		1D60588F0D05DD3D006BFB54 /* Frameworks */ = {
			isa = PBXFrameworksBuildPhase;
			buildActionMask = 2147483647;
			files = (
				1D60589F0D05DD5A006BFB54 /* Foundation.framework in Frameworks */,
				1DF5F4E00D08C38300B7A737 /* UIKit.framework in Frameworks */,
				288765FD0DF74451002DB57D /* CoreGraphics.framework in Frameworks */,
				D5BEDAA2126F8D130056DB78 /* libsqlite3.dylib in Frameworks */,
				D5C477B212717BEA00CB008F /* CoreLocation.framework in Frameworks */,
				D5DF0B7E127636C300A9BC0D /* MessageUI.framework in Frameworks */,
			);
			runOnlyForDeploymentPostprocessing = 0;
		};
/* End PBXFrameworksBuildPhase section */

/* Begin PBXGroup section */
		19C28FACFE9D520D11CA2CBB /* Products */ = {
			isa = PBXGroup;
			children = (
				1D6058910D05DD3D006BFB54 /* Record_my_position.app */,
			);
			name = Products;
			sourceTree = "<group>";
		};
		29B97314FDCFA39411CA2CEA /* CustomTemplate */ = {
			isa = PBXGroup;
			children = (
				D5BEDA51126F8C6A0056DB78 /* external */,
				D506B265126D974B00902BDD /* src */,
				29B97315FDCFA39411CA2CEA /* Other */,
				29B97323FDCFA39411CA2CEA /* Frameworks */,
				19C28FACFE9D520D11CA2CBB /* Products */,
			);
			name = CustomTemplate;
			sourceTree = "<group>";
		};
		29B97315FDCFA39411CA2CEA /* Other */ = {
			isa = PBXGroup;
			children = (
				8D1107310486CEB800E47090 /* Record_my_position-Info.plist */,
				32CA4F630368D1EE00C91783 /* Record_my_position_Prefix.pch */,
			);
			name = Other;
			sourceTree = "<group>";
		};
		29B97323FDCFA39411CA2CEA /* Frameworks */ = {
			isa = PBXGroup;
			children = (
				1DF5F4DF0D08C38300B7A737 /* UIKit.framework */,
				1D30AB110D05D00D00671497 /* Foundation.framework */,
				288765FC0DF74451002DB57D /* CoreGraphics.framework */,
				D5BEDAA1126F8D130056DB78 /* libsqlite3.dylib */,
				D5C477B112717BEA00CB008F /* CoreLocation.framework */,
				D5DF0B7D127636C300A9BC0D /* MessageUI.framework */,
			);
			name = Frameworks;
			sourceTree = "<group>";
		};
		D506B265126D974B00902BDD /* src */ = {
			isa = PBXGroup;
			children = (
				D59D034F126E372400F4D543 /* App_delegate.h */,
				D59D0350126E372400F4D543 /* App_delegate.m */,
				D5506E02127019AF00F637AC /* Capture_tab.h */,
				D5506E03127019AF00F637AC /* Capture_tab.m */,
				D5BEDA3B126F8C100056DB78 /* DB.h */,
				D5BEDA3C126F8C100056DB78 /* DB.m */,
				D5C47780127177D500CB008F /* GPS.h */,
				D5C47781127177D500CB008F /* GPS.m */,
				D5506E33127020DF00F637AC /* Log_tab.h */,
				D5506E34127020DF00F637AC /* Log_tab.m */,
				D5BEDA3D126F8C100056DB78 /* macro.h */,
				29B97316FDCFA39411CA2CEA /* main.m */,
				D5506E36127020EA00F637AC /* Share_tab.h */,
				D5506E37127020EA00F637AC /* Share_tab.m */,
				D56AD42F126ED2FF003E9903 /* Tab_controller.h */,
				D56AD430126ED2FF003E9903 /* Tab_controller.m */,
			);
			path = src;
			sourceTree = "<group>";
		};
		D5BEDA51126F8C6A0056DB78 /* external */ = {
			isa = PBXGroup;
			children = (
				D5BEDA52126F8C6A0056DB78 /* egodatabase */,
				D5BEDAC9126F942C0056DB78 /* VTPG_Common.h */,
				D5BEDACA126F942C0056DB78 /* VTPG_Common.m */,
			);
			path = external;
			sourceTree = "<group>";
		};
		D5BEDA52126F8C6A0056DB78 /* egodatabase */ = {
			isa = PBXGroup;
			children = (
				D5BEDA77126F8C6A0056DB78 /* EGODatabase.h */,
				D5BEDA78126F8C6A0056DB78 /* EGODatabase.m */,
				D5BEDA79126F8C6A0056DB78 /* EGODatabaseRequest.h */,
				D5BEDA7A126F8C6A0056DB78 /* EGODatabaseRequest.m */,
				D5BEDA7B126F8C6A0056DB78 /* EGODatabaseResult.h */,
				D5BEDA7C126F8C6A0056DB78 /* EGODatabaseResult.m */,
				D5BEDA7D126F8C6A0056DB78 /* EGODatabaseRow.h */,
				D5BEDA7E126F8C6A0056DB78 /* EGODatabaseRow.m */,
			);
			path = egodatabase;
			sourceTree = "<group>";
		};
/* End PBXGroup section */

/* Begin PBXNativeTarget section */
		1D6058900D05DD3D006BFB54 /* Record_my_position */ = {
			isa = PBXNativeTarget;
			buildConfigurationList = 1D6058960D05DD3E006BFB54 /* Build configuration list for PBXNativeTarget "Record_my_position" */;
			buildPhases = (
				1D60588D0D05DD3D006BFB54 /* Resources */,
				1D60588E0D05DD3D006BFB54 /* Sources */,
				1D60588F0D05DD3D006BFB54 /* Frameworks */,
			);
			buildRules = (
			);
			dependencies = (
			);
			name = Record_my_position;
			productName = Record_my_position;
			productReference = 1D6058910D05DD3D006BFB54 /* Record_my_position.app */;
			productType = "com.apple.product-type.application";
		};
/* End PBXNativeTarget section */

/* Begin PBXProject section */
		29B97313FDCFA39411CA2CEA /* Project object */ = {
			isa = PBXProject;
			buildConfigurationList = C01FCF4E08A954540054247B /* Build configuration list for PBXProject "Record_my_position" */;
			compatibilityVersion = "Xcode 3.1";
			developmentRegion = English;
			hasScannedForEncodings = 1;
			knownRegions = (
				English,
				Japanese,
				French,
				German,
			);
			mainGroup = 29B97314FDCFA39411CA2CEA /* CustomTemplate */;
			projectDirPath = "";
			projectRoot = "";
			targets = (
				1D6058900D05DD3D006BFB54 /* Record_my_position */,
			);
		};
/* End PBXProject section */

/* Begin PBXResourcesBuildPhase section */
		1D60588D0D05DD3D006BFB54 /* Resources */ = {
			isa = PBXResourcesBuildPhase;
			buildActionMask = 2147483647;
			files = (
			);
			runOnlyForDeploymentPostprocessing = 0;
		};
/* End PBXResourcesBuildPhase section */

/* Begin PBXSourcesBuildPhase section */
		1D60588E0D05DD3D006BFB54 /* Sources */ = {
			isa = PBXSourcesBuildPhase;
			buildActionMask = 2147483647;
			files = (
				1D60589B0D05DD56006BFB54 /* main.m in Sources */,
				D59D0351126E372400F4D543 /* App_delegate.m in Sources */,
				D56AD431126ED2FF003E9903 /* Tab_controller.m in Sources */,
				D5BEDA3E126F8C100056DB78 /* DB.m in Sources */,
				D5BEDA96126F8C6A0056DB78 /* EGODatabase.m in Sources */,
				D5BEDA97126F8C6A0056DB78 /* EGODatabaseRequest.m in Sources */,
				D5BEDA98126F8C6A0056DB78 /* EGODatabaseResult.m in Sources */,
				D5BEDA99126F8C6A0056DB78 /* EGODatabaseRow.m in Sources */,
				D5BEDACB126F942C0056DB78 /* VTPG_Common.m in Sources */,
				D5506E04127019AF00F637AC /* Capture_tab.m in Sources */,
				D5506E35127020DF00F637AC /* Log_tab.m in Sources */,
				D5506E38127020EA00F637AC /* Share_tab.m in Sources */,
				D5C47782127177D500CB008F /* GPS.m in Sources */,
			);
			runOnlyForDeploymentPostprocessing = 0;
		};
/* End PBXSourcesBuildPhase section */

/* Begin XCBuildConfiguration section */
		1D6058940D05DD3E006BFB54 /* Debug */ = {
			isa = XCBuildConfiguration;
			buildSettings = {
				ALWAYS_SEARCH_USER_PATHS = NO;
				COPY_PHASE_STRIP = NO;
				GCC_DYNAMIC_NO_PIC = NO;
				GCC_OPTIMIZATION_LEVEL = 0;
				GCC_PRECOMPILE_PREFIX_HEADER = YES;
				GCC_PREFIX_HEADER = Record_my_position_Prefix.pch;
				INFOPLIST_FILE = "Record_my_position-Info.plist";
				PRODUCT_NAME = Record_my_position;
			};
			name = Debug;
		};
		1D6058950D05DD3E006BFB54 /* Release */ = {
			isa = XCBuildConfiguration;
			buildSettings = {
				ALWAYS_SEARCH_USER_PATHS = NO;
				COPY_PHASE_STRIP = YES;
				GCC_PRECOMPILE_PREFIX_HEADER = YES;
				GCC_PREFIX_HEADER = Record_my_position_Prefix.pch;
				INFOPLIST_FILE = "Record_my_position-Info.plist";
				PRODUCT_NAME = Record_my_position;
				VALIDATE_PRODUCT = YES;
			};
			name = Release;
		};
		C01FCF4F08A954540054247B /* Debug */ = {
			isa = XCBuildConfiguration;
			buildSettings = {
				ARCHS = "$(ARCHS_STANDARD_32_BIT)";
				"CODE_SIGN_IDENTITY[sdk=iphoneos*]" = "iPhone Developer";
				GCC_C_LANGUAGE_STANDARD = c99;
				GCC_PREPROCESSOR_DEFINITIONS = DEBUG;
				GCC_WARN_ABOUT_RETURN_TYPE = YES;
				GCC_WARN_UNUSED_VARIABLE = YES;
				HEADER_SEARCH_PATHS = external;
				IPHONEOS_DEPLOYMENT_TARGET = 3.0;
				PREBINDING = NO;
				SDKROOT = iphonesimulator4.1;
				TARGETED_DEVICE_FAMILY = "1,2";
			};
			name = Debug;
		};
		C01FCF5008A954540054247B /* Release */ = {
			isa = XCBuildConfiguration;
			buildSettings = {
				ARCHS = "$(ARCHS_STANDARD_32_BIT)";
				"CODE_SIGN_IDENTITY[sdk=iphoneos*]" = "iPhone Developer";
				GCC_C_LANGUAGE_STANDARD = c99;
				GCC_WARN_ABOUT_RETURN_TYPE = YES;
				GCC_WARN_UNUSED_VARIABLE = YES;
				HEADER_SEARCH_PATHS = external;
				IPHONEOS_DEPLOYMENT_TARGET = 3.0;
				OTHER_CFLAGS = "-DNS_BLOCK_ASSERTIONS=1";
				PREBINDING = NO;
				SDKROOT = iphonesimulator4.1;
				TARGETED_DEVICE_FAMILY = "1,2";
			};
			name = Release;
		};
/* End XCBuildConfiguration section */

/* Begin XCConfigurationList section */
		1D6058960D05DD3E006BFB54 /* Build configuration list for PBXNativeTarget "Record_my_position" */ = {
			isa = XCConfigurationList;
			buildConfigurations = (
				1D6058940D05DD3E006BFB54 /* Debug */,
				1D6058950D05DD3E006BFB54 /* Release */,
			);
			defaultConfigurationIsVisible = 0;
			defaultConfigurationName = Release;
		};
		C01FCF4E08A954540054247B /* Build configuration list for PBXProject "Record_my_position" */ = {
			isa = XCConfigurationList;
			buildConfigurations = (
				C01FCF4F08A954540054247B /* Debug */,
				C01FCF5008A954540054247B /* Release */,
			);
			defaultConfigurationIsVisible = 0;
			defaultConfigurationName = Release;
		};
/* End XCConfigurationList section */
	};
	rootObject = 29B97313FDCFA39411CA2CEA /* Project object */;
}
